
Microsoft Visual Studio Solution File, Format Version 12.00
# Visual Studio Version 17
VisualStudioVersion = 17.5.33627.172
MinimumVisualStudioVersion = 10.0.40219.1
Project("{8BC9CEB8-8B4A-11D0-8D11-00A0C91BC942}") = "C867", "C867\C867.vcxproj", "{019BA651-7717-4F1E-BBE0-0583C9EDFAAC}"
EndProject
Global
	GlobalSection(SolutionConfigurationPlatforms) = preSolution
		Debug|x64 = Debug|x64
		Debug|x86 = Debug|x86
		Release|x64 = Release|x64
		Release|x86 = Release|x86
	EndGlobalSection
	GlobalSection(ProjectConfigurationPlatforms) = postSolution
		{019BA651-7717-4F1E-BBE0-0583C9EDFAAC}.Debug|x64.ActiveCfg = Debug|x64
		{019BA651-7717-4F1E-BBE0-0583C9EDFAAC}.Debug|x64.Build.0 = Debug|x64
		{019BA651-7717-4F1E-BBE0-0583C9EDFAAC}.Debug|x86.ActiveCfg = Debug|Win32
		{019BA651-7717-4F1E-BBE0-0583C9EDFAAC}.Debug|x86.Build.0 = Debug|Win32
		{019BA651-7717-4F1E-BBE0-0583C9EDFAAC}.Release|x64.ActiveCfg = Release|x64
		{019BA651-7717-4F1E-BBE0-0583C9EDFAAC}.Release|x64.Build.0 = Release|x64
		{019BA651-7717-4F1E-BBE0-0583C9EDFAAC}.Release|x86.ActiveCfg = Release|Win32
		{019BA651-7717-4F1E-BBE0-0583C9EDFAAC}.Release|x86.Build.0 = Release|Win32
	EndGlobalSection
	GlobalSection(SolutionProperties) = preSolution
		HideSolutionNode = FALSE
	EndGlobalSection
	GlobalSection(ExtensibilityGlobals) = postSolution
		SolutionGuid = {15781339-0BAC-4E10-BFDF-F0923A8369D7}
	EndGlobalSection
EndGlobal
